<?xml version="1.0" encoding="utf-8"?>
<Project ToolsVersion="4.0" xmlns="http://schemas.microsoft.com/developer/msbuild/2003">
  <ItemGroup>
    <Filter Include="Header Files">
      <UniqueIdentifier>{93995380-89BD-4b04-88EB-625FBE52EBFB}</UniqueIdentifier>
      <Extensions>h;hh;hpp;hxx;hm;inl;inc;ipp;xsd</Extensions>
    </Filter>
    <Filter Include="Resource Files">
      <UniqueIdentifier>{67DA6AB6-F800-4c08-8B7A-83BB121AAD01}</UniqueIdentifier>
      <Extensions>rc;ico;cur;bmp;dlg;rc2;rct;bin;rgs;gif;jpg;jpeg;jpe;resx;tiff;tif;png;wav;mfcribbon-ms</Extensions>
    </Filter>
    <Filter Include="Header Files\Events">
      <UniqueIdentifier>{52890c06-7654-40b8-aa2f-a0c1a02c8d49}</UniqueIdentifier>
    </Filter>
    <Filter Include="Header Files\Physics">
      <UniqueIdentifier>{5ceb472a-bb1f-4031-8116-af84ae331bc0}</UniqueIdentifier>
    </Filter>
    <Filter Include="Game Files">
      <UniqueIdentifier>{4FC737F1-C7A5-4376-A066-2A32D752A2FF}</UniqueIdentifier>
      <Extensions>cpp;c;cc;cxx;def;odl;idl;hpj;bat;asm;asmx</Extensions>
    </Filter>
    <Filter Include="Assignments">
      <UniqueIdentifier>{1e863db0-0299-499e-ae37-1be3797b4c17}</UniqueIdentifier>
    </Filter>
    <Filter Include="Assignments\QBert">
      <UniqueIdentifier>{525ea76b-c860-4530-abee-e51620cd3551}</UniqueIdentifier>
    </Filter>
    <Filter Include="Base">
      <UniqueIdentifier>{581d3fd3-4321-4c83-97b4-09241817c2fa}</UniqueIdentifier>
    </Filter>
  </ItemGroup>
  <ItemGroup>
    <ClCompile Include="CharacterController.cpp">
      <Filter>Game Files</Filter>
    </ClCompile>
    <ClCompile Include="MovementComponent.cpp">
      <Filter>Game Files</Filter>
    </ClCompile>
    <ClCompile Include="QBertGameObserver.cpp">
      <Filter>Assignments\QBert</Filter>
    </ClCompile>
    <ClCompile Include="QBertPlayer.cpp">
      <Filter>Assignments\QBert</Filter>
    </ClCompile>
    <ClCompile Include="Main.cpp">
      <Filter>Base</Filter>
    </ClCompile>
    <ClCompile Include="pch.cpp">
      <Filter>Base</Filter>
    </ClCompile>
    <ClCompile Include="CameraTester.cpp">
      <Filter>Game Files</Filter>
    </ClCompile>
    <ClCompile Include="SoundTester.cpp">
      <Filter>Game Files</Filter>
    </ClCompile>
    <ClCompile Include="QBertLevel.cpp">
      <Filter>Assignments\QBert</Filter>
    </ClCompile>
    <ClCompile Include="QBertTile.cpp">
      <Filter>Assignments\QBert</Filter>
    </ClCompile>
    <ClCompile Include="QBertLevelReader.cpp">
      <Filter>Assignments\QBert</Filter>
    </ClCompile>
    <ClCompile Include="QBertGame.cpp">
      <Filter>Assignments\QBert</Filter>
    </ClCompile>
    <ClCompile Include="QBertEntity.cpp">
      <Filter>Assignments\QBert</Filter>
    </ClCompile>
  </ItemGroup>
  <ItemGroup>
    <ClInclude Include="CharacterController.h">
      <Filter>Game Files</Filter>
    </ClInclude>
    <ClInclude Include="MovementComponent.h">
      <Filter>Game Files</Filter>
    </ClInclude>
    <ClInclude Include="QBertGameObserver.h">
      <Filter>Assignments\QBert</Filter>
    </ClInclude>
    <ClInclude Include="QBertEvents.h">
      <Filter>Assignments\QBert</Filter>
    </ClInclude>
    <ClInclude Include="QBertPlayer.h">
      <Filter>Assignments\QBert</Filter>
    </ClInclude>
    <ClInclude Include="catch.hpp">
      <Filter>Base</Filter>
    </ClInclude>
    <ClInclude Include="pch.h">
      <Filter>Base</Filter>
    </ClInclude>
    <ClInclude Include="CameraTester.h">
      <Filter>Game Files</Filter>
    </ClInclude>
    <ClInclude Include="SoundTester.h">
      <Filter>Game Files</Filter>
    </ClInclude>
    <ClInclude Include="QBertLevel.h">
      <Filter>Assignments\QBert</Filter>
    </ClInclude>
    <ClInclude Include="QBertTile.h">
      <Filter>Assignments\QBert</Filter>
    </ClInclude>
    <ClInclude Include="QBertLevelReader.h">
      <Filter>Assignments\QBert</Filter>
    </ClInclude>
    <ClInclude Include="QBertEntity.h">
      <Filter>Assignments\QBert</Filter>
    </ClInclude>
    <ClInclude Include="QBertGame.h">
      <Filter>Assignments\QBert</Filter>
    </ClInclude>
  </ItemGroup>
</Project>