<?xml version="1.0" encoding="utf-8"?>
<Project ToolsVersion="4.0" xmlns="http://schemas.microsoft.com/developer/msbuild/2003">
  <ItemGroup>
    <Filter Include="Resource Files">
      <UniqueIdentifier>{67DA6AB6-F800-4c08-8B7A-83BB121AAD01}</UniqueIdentifier>
      <Extensions>rc;ico;cur;bmp;dlg;rc2;rct;bin;rgs;gif;jpg;jpeg;jpe;resx;tiff;tif;png;wav;mfcribbon-ms</Extensions>
    </Filter>
    <Filter Include="Game Files">
      <UniqueIdentifier>{4FC737F1-C7A5-4376-A066-2A32D752A2FF}</UniqueIdentifier>
      <Extensions>cpp;c;cc;cxx;def;odl;idl;hpj;bat;asm;asmx</Extensions>
    </Filter>
    <Filter Include="Base">
      <UniqueIdentifier>{581d3fd3-4321-4c83-97b4-09241817c2fa}</UniqueIdentifier>
    </Filter>
    <Filter Include="Game Files\QBert">
      <UniqueIdentifier>{525ea76b-c860-4530-abee-e51620cd3551}</UniqueIdentifier>
    </Filter>
    <Filter Include="Game Files\QBert\Characters">
      <UniqueIdentifier>{760223d7-db04-4e34-85e8-66ce8713fa2f}</UniqueIdentifier>
    </Filter>
    <Filter Include="Game Files\QBert\Level">
      <UniqueIdentifier>{a2fdfc45-e80a-4d3f-ad0c-5f0e546e2e82}</UniqueIdentifier>
    </Filter>
    <Filter Include="Game Files\QBert\Events">
      <UniqueIdentifier>{1673a013-dc1a-4ddc-b73b-e1803dc18104}</UniqueIdentifier>
    </Filter>
    <Filter Include="Game Files\QBert\UI">
      <UniqueIdentifier>{5b5179e7-2be9-405a-9e81-fa172c2e07f2}</UniqueIdentifier>
    </Filter>
  </ItemGroup>
  <ItemGroup>
    <ClCompile Include="Main.cpp">
      <Filter>Base</Filter>
    </ClCompile>
    <ClCompile Include="pch.cpp">
      <Filter>Base</Filter>
    </ClCompile>
    <ClCompile Include="CameraTester.cpp">
      <Filter>Game Files</Filter>
    </ClCompile>
    <ClCompile Include="SoundTester.cpp">
      <Filter>Game Files</Filter>
    </ClCompile>
    <ClCompile Include="QBertGameObserver.cpp">
      <Filter>Game Files\QBert\Events</Filter>
    </ClCompile>
    <ClCompile Include="QBertLevel.cpp">
      <Filter>Game Files\QBert\Level</Filter>
    </ClCompile>
    <ClCompile Include="QBertLevelReader.cpp">
      <Filter>Game Files\QBert\Level</Filter>
    </ClCompile>
    <ClCompile Include="QBertTile.cpp">
      <Filter>Game Files\QBert\Level</Filter>
    </ClCompile>
    <ClCompile Include="QBertCharacter.cpp">
      <Filter>Game Files\QBert\Characters</Filter>
    </ClCompile>
    <ClCompile Include="QBertCharacterMovement.cpp">
      <Filter>Game Files\QBert\Characters</Filter>
    </ClCompile>
    <ClCompile Include="QBertPlayer.cpp">
      <Filter>Game Files\QBert\Characters</Filter>
    </ClCompile>
    <ClCompile Include="QBertRedBall.cpp">
      <Filter>Game Files\QBert\Characters</Filter>
    </ClCompile>
    <ClCompile Include="QBertGame.cpp">
      <Filter>Game Files\QBert</Filter>
    </ClCompile>
    <ClCompile Include="QBertCoily.cpp">
      <Filter>Game Files\QBert\Characters</Filter>
    </ClCompile>
    <ClCompile Include="QBertSlickSam.cpp">
      <Filter>Game Files\QBert\Characters</Filter>
    </ClCompile>
    <ClCompile Include="QBertSpinningDisk.cpp">
      <Filter>Game Files\QBert\Level</Filter>
    </ClCompile>
    <ClCompile Include="QBertBaseTile.cpp">
      <Filter>Game Files\QBert\Level</Filter>
    </ClCompile>
    <ClCompile Include="QBertUI.cpp">
      <Filter>Game Files\QBert\UI</Filter>
    </ClCompile>
    <ClCompile Include="QBertMainMenu.cpp">
      <Filter>Game Files\QBert\UI</Filter>
    </ClCompile>
    <ClCompile Include="QBertGameOverMenu.cpp">
      <Filter>Game Files\QBert\UI</Filter>
    </ClCompile>
  </ItemGroup>
  <ItemGroup>
    <ClInclude Include="catch.hpp">
      <Filter>Base</Filter>
    </ClInclude>
    <ClInclude Include="pch.h">
      <Filter>Base</Filter>
    </ClInclude>
    <ClInclude Include="CameraTester.h">
      <Filter>Game Files</Filter>
    </ClInclude>
    <ClInclude Include="SoundTester.h">
      <Filter>Game Files</Filter>
    </ClInclude>
    <ClInclude Include="QBertEvents.h">
      <Filter>Game Files\QBert\Events</Filter>
    </ClInclude>
    <ClInclude Include="QBertGameObserver.h">
      <Filter>Game Files\QBert\Events</Filter>
    </ClInclude>
    <ClInclude Include="QBertLevel.h">
      <Filter>Game Files\QBert\Level</Filter>
    </ClInclude>
    <ClInclude Include="QBertLevelReader.h">
      <Filter>Game Files\QBert\Level</Filter>
    </ClInclude>
    <ClInclude Include="QBertTile.h">
      <Filter>Game Files\QBert\Level</Filter>
    </ClInclude>
    <ClInclude Include="QBertCharacter.h">
      <Filter>Game Files\QBert\Characters</Filter>
    </ClInclude>
    <ClInclude Include="QBertCharacterMovement.h">
      <Filter>Game Files\QBert\Characters</Filter>
    </ClInclude>
    <ClInclude Include="QBertPlayer.h">
      <Filter>Game Files\QBert\Characters</Filter>
    </ClInclude>
    <ClInclude Include="QBertRedBall.h">
      <Filter>Game Files\QBert\Characters</Filter>
    </ClInclude>
    <ClInclude Include="QBertGame.h">
      <Filter>Game Files\QBert</Filter>
    </ClInclude>
    <ClInclude Include="QBertCoily.h">
      <Filter>Game Files\QBert\Characters</Filter>
    </ClInclude>
    <ClInclude Include="QBertSlickSam.h">
      <Filter>Game Files\QBert\Characters</Filter>
    </ClInclude>
    <ClInclude Include="QBertSpinningDisk.h">
      <Filter>Game Files\QBert\Level</Filter>
    </ClInclude>
    <ClInclude Include="QBertBaseTile.h">
      <Filter>Game Files\QBert\Level</Filter>
    </ClInclude>
    <ClInclude Include="QBertUI.h">
      <Filter>Game Files\QBert\UI</Filter>
    </ClInclude>
    <ClInclude Include="QBertMainMenu.h">
      <Filter>Game Files\QBert\UI</Filter>
    </ClInclude>
    <ClInclude Include="QBertGameOverMenu.h">
      <Filter>Game Files\QBert\UI</Filter>
    </ClInclude>
  </ItemGroup>
</Project>