<?xml version="1.0" encoding="utf-8"?>
<Project ToolsVersion="4.0" xmlns="http://schemas.microsoft.com/developer/msbuild/2003">
  <ItemGroup>
    <ClCompile Include="Subject.cpp">
      <Filter>Core Files\General</Filter>
    </ClCompile>
    <ClCompile Include="Collision2D.cpp">
      <Filter>Core Files\Math</Filter>
    </ClCompile>
    <ClCompile Include="ControllerListener.cpp">
      <Filter>Base Files\Input\Managers</Filter>
    </ClCompile>
    <ClCompile Include="DoubleLinkedListAllocator.cpp">
      <Filter>Core Files\Memory</Filter>
    </ClCompile>
    <ClCompile Include="Commands.cpp">
      <Filter>Base Files\Input\Commands</Filter>
    </ClCompile>
    <ClCompile Include="FPSComponent.cpp">
      <Filter>Base Files\Components</Filter>
    </ClCompile>
    <ClCompile Include="Font.cpp">
      <Filter>Core Files\Resources</Filter>
    </ClCompile>
    <ClCompile Include="GameObject.cpp">
      <Filter>Base Files\General</Filter>
    </ClCompile>
    <ClCompile Include="InputManager.cpp">
      <Filter>Base Files\Input\Managers</Filter>
    </ClCompile>
    <ClCompile Include="KeyboardMouseListener.cpp">
      <Filter>Base Files\Input\Managers</Filter>
    </ClCompile>
    <ClCompile Include="GlobalMemoryPools.cpp">
      <Filter>Core Files\Memory</Filter>
    </ClCompile>
    <ClCompile Include="SingleLinkedListAllocator.cpp">
      <Filter>Core Files\Memory</Filter>
    </ClCompile>
    <ClCompile Include="StackAllocator.cpp">
      <Filter>Core Files\Memory</Filter>
    </ClCompile>
    <ClCompile Include="Scene.cpp">
      <Filter>Base Files\General</Filter>
    </ClCompile>
    <ClCompile Include="SceneManager.cpp">
      <Filter>Base Files\General</Filter>
    </ClCompile>
    <ClCompile Include="Renderer.cpp">
      <Filter>Core Files\Rendering</Filter>
    </ClCompile>
    <ClCompile Include="ResourceManager.cpp">
      <Filter>Core Files\Resources</Filter>
    </ClCompile>
    <ClCompile Include="SpriteComponent.cpp">
      <Filter>Base Files\Components</Filter>
    </ClCompile>
    <ClCompile Include="TextComponent.cpp">
      <Filter>Base Files\Components</Filter>
    </ClCompile>
    <ClCompile Include="Texture2DComponent.cpp">
      <Filter>Base Files\Components</Filter>
    </ClCompile>
    <ClCompile Include="PhysicsComponent.cpp">
      <Filter>Base Files\Components</Filter>
    </ClCompile>
    <ClCompile Include="RigidBody.cpp">
      <Filter>Base Files\General</Filter>
    </ClCompile>
    <ClCompile Include="Math2D.cpp">
      <Filter>Core Files\Math</Filter>
    </ClCompile>
    <ClCompile Include="RGBAColour.cpp">
      <Filter>Core Files\Math</Filter>
    </ClCompile>
    <ClCompile Include="Vectors.cpp">
      <Filter>Core Files\Math</Filter>
    </ClCompile>
    <ClCompile Include="Texture.cpp">
      <Filter>Core Files\Resources\Textures</Filter>
    </ClCompile>
    <ClCompile Include="Texture2D.cpp">
      <Filter>Core Files\Resources\Textures</Filter>
    </ClCompile>
    <ClCompile Include="Minigin.cpp">
      <Filter>Core Files\General</Filter>
    </ClCompile>
    <ClCompile Include="Transform.cpp">
      <Filter>Base Files\General</Filter>
    </ClCompile>
    <ClCompile Include="Camera.cpp">
      <Filter>Core Files\Rendering</Filter>
    </ClCompile>
  </ItemGroup>
  <ItemGroup>
    <ClInclude Include="targetver.h" />
    <ClInclude Include="Observer.h">
      <Filter>Core Files\General</Filter>
    </ClInclude>
    <ClInclude Include="Singleton.h">
      <Filter>Core Files\General</Filter>
    </ClInclude>
    <ClInclude Include="SingletonPtr.h">
      <Filter>Core Files\General</Filter>
    </ClInclude>
    <ClInclude Include="SingletonRef.h">
      <Filter>Core Files\General</Filter>
    </ClInclude>
    <ClInclude Include="Subject.h">
      <Filter>Core Files\General</Filter>
    </ClInclude>
    <ClInclude Include="Timer.h">
      <Filter>Core Files\General</Filter>
    </ClInclude>
    <ClInclude Include="WindowInfo.h">
      <Filter>Core Files\General</Filter>
    </ClInclude>
    <ClInclude Include="Collision2D.h">
      <Filter>Core Files\Math</Filter>
    </ClInclude>
    <ClInclude Include="ControllerListener.h">
      <Filter>Base Files\Input\Managers</Filter>
    </ClInclude>
    <ClInclude Include="CustomHeapMemoryAllocators.h">
      <Filter>Core Files\Memory</Filter>
    </ClInclude>
    <ClInclude Include="DoubleLinkedListAllocator.h">
      <Filter>Core Files\Memory</Filter>
    </ClInclude>
    <ClInclude Include="FixedSizeAllocator.h">
      <Filter>Core Files\Memory</Filter>
    </ClInclude>
    <ClInclude Include="Commands.h">
      <Filter>Base Files\Input\Commands</Filter>
    </ClInclude>
    <ClInclude Include="Command.h">
      <Filter>Base Files\Input\Commands</Filter>
    </ClInclude>
    <ClInclude Include="Component.h">
      <Filter>Base Files\Components</Filter>
    </ClInclude>
    <ClInclude Include="Components.h">
      <Filter>Base Files\Components</Filter>
    </ClInclude>
    <ClInclude Include="FPSComponent.h">
      <Filter>Base Files\Components</Filter>
    </ClInclude>
    <ClInclude Include="Font.h">
      <Filter>Core Files\Resources</Filter>
    </ClInclude>
    <ClInclude Include="BinaryReader.h">
      <Filter>Core Files\Resources</Filter>
    </ClInclude>
    <ClInclude Include="GameObject.h">
      <Filter>Base Files\General</Filter>
    </ClInclude>
    <ClInclude Include="InputManager.h">
      <Filter>Base Files\Input\Managers</Filter>
    </ClInclude>
    <ClInclude Include="KeyboardMouseListener.h">
      <Filter>Base Files\Input\Managers</Filter>
    </ClInclude>
    <ClInclude Include="GlobalInput.h">
      <Filter>Base Files\Input</Filter>
    </ClInclude>
    <ClInclude Include="GlobalMemoryPools.h">
      <Filter>Core Files\Memory</Filter>
    </ClInclude>
    <ClInclude Include="MemoryOverrides.h">
      <Filter>Core Files\Memory</Filter>
    </ClInclude>
    <ClInclude Include="MemoryAllocator.h">
      <Filter>Core Files\Memory</Filter>
    </ClInclude>
    <ClInclude Include="SingleLinkedListAllocator.h">
      <Filter>Core Files\Memory</Filter>
    </ClInclude>
    <ClInclude Include="StackAllocator.h">
      <Filter>Core Files\Memory</Filter>
    </ClInclude>
    <ClInclude Include="Scene.h">
      <Filter>Base Files\General</Filter>
    </ClInclude>
    <ClInclude Include="SceneManager.h">
      <Filter>Base Files\General</Filter>
    </ClInclude>
    <ClInclude Include="RenderFlip.h">
      <Filter>Core Files\Rendering</Filter>
    </ClInclude>
    <ClInclude Include="Renderer.h">
      <Filter>Core Files\Rendering</Filter>
    </ClInclude>
    <ClInclude Include="ResourceManager.h">
      <Filter>Core Files\Resources</Filter>
    </ClInclude>
    <ClInclude Include="SpriteComponent.h">
      <Filter>Base Files\Components</Filter>
    </ClInclude>
    <ClInclude Include="TextComponent.h">
      <Filter>Base Files\Components</Filter>
    </ClInclude>
    <ClInclude Include="Texture2DComponent.h">
      <Filter>Base Files\Components</Filter>
    </ClInclude>
    <ClInclude Include="PhysicsComponent.h">
      <Filter>Base Files\Components</Filter>
    </ClInclude>
    <ClInclude Include="RigidBody.h">
      <Filter>Base Files\General</Filter>
    </ClInclude>
    <ClInclude Include="Math2D.h">
      <Filter>Core Files\Math</Filter>
    </ClInclude>
    <ClInclude Include="RGBAColour.h">
      <Filter>Core Files\Math</Filter>
    </ClInclude>
    <ClInclude Include="Vectors.h">
      <Filter>Core Files\Math</Filter>
    </ClInclude>
    <ClInclude Include="Texture.h">
      <Filter>Core Files\Resources\Textures</Filter>
    </ClInclude>
    <ClInclude Include="Texture2D.h">
      <Filter>Core Files\Resources\Textures</Filter>
    </ClInclude>
    <ClInclude Include="Globals.h">
      <Filter>Base Files\General</Filter>
    </ClInclude>
    <ClInclude Include="GameState.h">
      <Filter>Base Files\General</Filter>
    </ClInclude>
    <ClInclude Include="Minigin.h">
      <Filter>Core Files\General</Filter>
    </ClInclude>
    <ClInclude Include="Transform.h">
      <Filter>Base Files\General</Filter>
    </ClInclude>
    <ClInclude Include="Camera.h">
      <Filter>Core Files\Rendering</Filter>
    </ClInclude>
  </ItemGroup>
  <ItemGroup>
    <Filter Include="Core Files">
      <UniqueIdentifier>{8c35c93a-84e8-4a41-b2e3-324767327ad1}</UniqueIdentifier>
    </Filter>
    <Filter Include="Core Files\General">
      <UniqueIdentifier>{fbbf6056-b7b6-4836-b284-c9ab8f8c68c5}</UniqueIdentifier>
    </Filter>
    <Filter Include="Core Files\Math">
      <UniqueIdentifier>{edcefed4-6800-421d-9fb2-28835c334ebb}</UniqueIdentifier>
    </Filter>
    <Filter Include="Core Files\Memory">
      <UniqueIdentifier>{e62a5695-e1e1-4202-9c14-c8391d66d5a5}</UniqueIdentifier>
    </Filter>
    <Filter Include="Core Files\Rendering">
      <UniqueIdentifier>{4411270b-910f-4ff3-916a-44b2795ed3db}</UniqueIdentifier>
    </Filter>
    <Filter Include="Core Files\Resources">
      <UniqueIdentifier>{b35a2cb4-14de-47f7-87ba-c92aaf26f496}</UniqueIdentifier>
    </Filter>
    <Filter Include="Core Files\Resources\Textures">
      <UniqueIdentifier>{ed59e30f-1366-49e0-9d6e-d63a4d4931a5}</UniqueIdentifier>
    </Filter>
    <Filter Include="Base Files">
      <UniqueIdentifier>{e5707f72-7b21-4295-8b4a-0e93e71deec2}</UniqueIdentifier>
    </Filter>
    <Filter Include="Base Files\Components">
      <UniqueIdentifier>{d0496f8e-a458-476f-90b2-f337500d5ef7}</UniqueIdentifier>
    </Filter>
    <Filter Include="Base Files\Input">
      <UniqueIdentifier>{2f4feeab-2eb9-47c2-b5f7-864c8f1bbcc4}</UniqueIdentifier>
    </Filter>
    <Filter Include="Base Files\Input\Commands">
      <UniqueIdentifier>{7c7e2e13-6c78-4487-ad89-d06b6d2913b6}</UniqueIdentifier>
    </Filter>
    <Filter Include="Base Files\Input\Managers">
      <UniqueIdentifier>{b5cd7e5d-b93a-4867-9055-06c72d73038f}</UniqueIdentifier>
    </Filter>
    <Filter Include="Base Files\General">
      <UniqueIdentifier>{8cf88df4-b022-4647-abbc-7208bf74e361}</UniqueIdentifier>
    </Filter>
  </ItemGroup>
</Project>